// !$*UTF8*$!
{
	archiveVersion = 1;
	classes = {
	};
	objectVersion = 46;
	objects = {

/* Begin PBXBuildFile section */
		F23D87021E938AFB009E67F8 /* MBIconsKit.swift in Sources */ = {isa = PBXBuildFile; fileRef = F23D87011E938AFB009E67F8 /* MBIconsKit.swift */; };
		F23D870B1E93F30D009E67F8 /* SBItem.swift in Sources */ = {isa = PBXBuildFile; fileRef = F23D87091E93F30D009E67F8 /* SBItem.swift */; };
		F23D870C1E93F30D009E67F8 /* SBItem.xib in Resources */ = {isa = PBXBuildFile; fileRef = F23D870A1E93F30D009E67F8 /* SBItem.xib */; };
		F23D870E1E941B37009E67F8 /* Documents.png in Resources */ = {isa = PBXBuildFile; fileRef = F23D870D1E941B37009E67F8 /* Documents.png */; };
		F2C2E3691E8EB6180020332E /* AppDelegate.swift in Sources */ = {isa = PBXBuildFile; fileRef = F2C2E3681E8EB6180020332E /* AppDelegate.swift */; };
		F2C2E36B1E8EB6180020332E /* ViewController.swift in Sources */ = {isa = PBXBuildFile; fileRef = F2C2E36A1E8EB6180020332E /* ViewController.swift */; };
		F2C2E36D1E8EB6180020332E /* Assets.xcassets in Resources */ = {isa = PBXBuildFile; fileRef = F2C2E36C1E8EB6180020332E /* Assets.xcassets */; };
		F2C2E3701E8EB6180020332E /* Main.storyboard in Resources */ = {isa = PBXBuildFile; fileRef = F2C2E36E1E8EB6180020332E /* Main.storyboard */; };
		F2C2E3781E8EB63D0020332E /* MBIconSet.swift in Sources */ = {isa = PBXBuildFile; fileRef = F2C2E3771E8EB63D0020332E /* MBIconSet.swift */; };
/* End PBXBuildFile section */

/* Begin PBXFileReference section */
		F23D87011E938AFB009E67F8 /* MBIconsKit.swift */ = {isa = PBXFileReference; fileEncoding = 4; lastKnownFileType = sourcecode.swift; path = MBIconsKit.swift; sourceTree = "<group>"; };
		F23D87091E93F30D009E67F8 /* SBItem.swift */ = {isa = PBXFileReference; fileEncoding = 4; lastKnownFileType = sourcecode.swift; path = SBItem.swift; sourceTree = "<group>"; };
		F23D870A1E93F30D009E67F8 /* SBItem.xib */ = {isa = PBXFileReference; fileEncoding = 4; lastKnownFileType = file.xib; path = SBItem.xib; sourceTree = "<group>"; };
		F23D870D1E941B37009E67F8 /* Documents.png */ = {isa = PBXFileReference; lastKnownFileType = image.png; path = Documents.png; sourceTree = "<group>"; };
		F2C2E3651E8EB6180020332E /* MBIconsKit.app */ = {isa = PBXFileReference; explicitFileType = wrapper.application; includeInIndex = 0; path = MBIconsKit.app; sourceTree = BUILT_PRODUCTS_DIR; };
		F2C2E3681E8EB6180020332E /* AppDelegate.swift */ = {isa = PBXFileReference; lastKnownFileType = sourcecode.swift; path = AppDelegate.swift; sourceTree = "<group>"; };
		F2C2E36A1E8EB6180020332E /* ViewController.swift */ = {isa = PBXFileReference; lastKnownFileType = sourcecode.swift; path = ViewController.swift; sourceTree = "<group>"; };
		F2C2E36C1E8EB6180020332E /* Assets.xcassets */ = {isa = PBXFileReference; lastKnownFileType = folder.assetcatalog; path = Assets.xcassets; sourceTree = "<group>"; };
		F2C2E36F1E8EB6180020332E /* Base */ = {isa = PBXFileReference; lastKnownFileType = file.storyboard; name = Base; path = Base.lproj/Main.storyboard; sourceTree = "<group>"; };
		F2C2E3711E8EB6180020332E /* Info.plist */ = {isa = PBXFileReference; lastKnownFileType = text.plist.xml; path = Info.plist; sourceTree = "<group>"; };
		F2C2E3771E8EB63D0020332E /* MBIconSet.swift */ = {isa = PBXFileReference; fileEncoding = 4; lastKnownFileType = sourcecode.swift; path = MBIconSet.swift; sourceTree = "<group>"; };
/* End PBXFileReference section */

/* Begin PBXFrameworksBuildPhase section */
		F2C2E3621E8EB6180020332E /* Frameworks */ = {
			isa = PBXFrameworksBuildPhase;
			buildActionMask = 2147483647;
			files = (
			);
			runOnlyForDeploymentPostprocessing = 0;
		};
/* End PBXFrameworksBuildPhase section */

/* Begin PBXGroup section */
		F2C2E35C1E8EB6180020332E = {
			isa = PBXGroup;
			children = (
				F2C2E3671E8EB6180020332E /* MBIconsKit */,
				F2C2E3661E8EB6180020332E /* Products */,
			);
			sourceTree = "<group>";
		};
		F2C2E3661E8EB6180020332E /* Products */ = {
			isa = PBXGroup;
			children = (
				F2C2E3651E8EB6180020332E /* MBIconsKit.app */,
			);
			name = Products;
			sourceTree = "<group>";
		};
		F2C2E3671E8EB6180020332E /* MBIconsKit */ = {
			isa = PBXGroup;
			children = (
				F23D870D1E941B37009E67F8 /* Documents.png */,
				F2C2E3681E8EB6180020332E /* AppDelegate.swift */,
				F2C2E36A1E8EB6180020332E /* ViewController.swift */,
				F2C2E36C1E8EB6180020332E /* Assets.xcassets */,
				F23D87091E93F30D009E67F8 /* SBItem.swift */,
				F23D870A1E93F30D009E67F8 /* SBItem.xib */,
				F2C2E36E1E8EB6180020332E /* Main.storyboard */,
				F2C2E3711E8EB6180020332E /* Info.plist */,
				F2C2E3771E8EB63D0020332E /* MBIconSet.swift */,
				F23D87011E938AFB009E67F8 /* MBIconsKit.swift */,
			);
			path = MBIconsKit;
			sourceTree = "<group>";
		};
/* End PBXGroup section */

/* Begin PBXNativeTarget section */
		F2C2E3641E8EB6180020332E /* MBIconsKit */ = {
			isa = PBXNativeTarget;
			buildConfigurationList = F2C2E3741E8EB6180020332E /* Build configuration list for PBXNativeTarget "MBIconsKit" */;
			buildPhases = (
				F2C2E3611E8EB6180020332E /* Sources */,
				F2C2E3621E8EB6180020332E /* Frameworks */,
				F2C2E3631E8EB6180020332E /* Resources */,
			);
			buildRules = (
			);
			dependencies = (
			);
			name = MBIconsKit;
			productName = MBIconsKit;
			productReference = F2C2E3651E8EB6180020332E /* MBIconsKit.app */;
			productType = "com.apple.product-type.application";
		};
/* End PBXNativeTarget section */

/* Begin PBXProject section */
		F2C2E35D1E8EB6180020332E /* Project object */ = {
			isa = PBXProject;
			attributes = {
				LastSwiftUpdateCheck = 0830;
				LastUpgradeCheck = 0830;
				ORGANIZATIONNAME = Viorel;
				TargetAttributes = {
					F2C2E3641E8EB6180020332E = {
						CreatedOnToolsVersion = 8.3;
						DevelopmentTeam = X34UB4R785;
						ProvisioningStyle = Automatic;
					};
				};
			};
			buildConfigurationList = F2C2E3601E8EB6180020332E /* Build configuration list for PBXProject "MBIconsKit" */;
			compatibilityVersion = "Xcode 3.2";
			developmentRegion = English;
			hasScannedForEncodings = 0;
			knownRegions = (
				en,
				Base,
			);
			mainGroup = F2C2E35C1E8EB6180020332E;
			productRefGroup = F2C2E3661E8EB6180020332E /* Products */;
			projectDirPath = "";
			projectRoot = "";
			targets = (
				F2C2E3641E8EB6180020332E /* MBIconsKit */,
			);
		};
/* End PBXProject section */

/* Begin PBXResourcesBuildPhase section */
		F2C2E3631E8EB6180020332E /* Resources */ = {
			isa = PBXResourcesBuildPhase;
			buildActionMask = 2147483647;
			files = (
				F23D870C1E93F30D009E67F8 /* SBItem.xib in Resources */,
				F2C2E36D1E8EB6180020332E /* Assets.xcassets in Resources */,
				F23D870E1E941B37009E67F8 /* Documents.png in Resources */,
				F2C2E3701E8EB6180020332E /* Main.storyboard in Resources */,
			);
			runOnlyForDeploymentPostprocessing = 0;
		};
/* End PBXResourcesBuildPhase section */

/* Begin PBXSourcesBuildPhase section */
		F2C2E3611E8EB6180020332E /* Sources */ = {
			isa = PBXSourcesBuildPhase;
			buildActionMask = 2147483647;
			files = (
				F2C2E36B1E8EB6180020332E /* ViewController.swift in Sources */,
				F2C2E3691E8EB6180020332E /* AppDelegate.swift in Sources */,
				F23D87021E938AFB009E67F8 /* MBIconsKit.swift in Sources */,
				F23D870B1E93F30D009E67F8 /* SBItem.swift in Sources */,
				F2C2E3781E8EB63D0020332E /* MBIconSet.swift in Sources */,
			);
			runOnlyForDeploymentPostprocessing = 0;
		};
/* End PBXSourcesBuildPhase section */

/* Begin PBXVariantGroup section */
		F2C2E36E1E8EB6180020332E /* Main.storyboard */ = {
			isa = PBXVariantGroup;
			children = (
				F2C2E36F1E8EB6180020332E /* Base */,
			);
			name = Main.storyboard;
			sourceTree = "<group>";
		};
/* End PBXVariantGroup section */

/* Begin XCBuildConfiguration section */
		F2C2E3721E8EB6180020332E /* Debug */ = {
			isa = XCBuildConfiguration;
			buildSettings = {
				ALWAYS_SEARCH_USER_PATHS = NO;
				CLANG_ANALYZER_NONNULL = YES;
				CLANG_ANALYZER_NUMBER_OBJECT_CONVERSION = YES_AGGRESSIVE;
				CLANG_CXX_LANGUAGE_STANDARD = "gnu++0x";
				CLANG_CXX_LIBRARY = "libc++";
				CLANG_ENABLE_MODULES = YES;
				CLANG_ENABLE_OBJC_ARC = YES;
				CLANG_WARN_BOOL_CONVERSION = YES;
				CLANG_WARN_CONSTANT_CONVERSION = YES;
				CLANG_WARN_DIRECT_OBJC_ISA_USAGE = YES_ERROR;
				CLANG_WARN_DOCUMENTATION_COMMENTS = YES;
				CLANG_WARN_EMPTY_BODY = YES;
				CLANG_WARN_ENUM_CONVERSION = YES;
				CLANG_WARN_INFINITE_RECURSION = YES;
				CLANG_WARN_INT_CONVERSION = YES;
				CLANG_WARN_OBJC_ROOT_CLASS = YES_ERROR;
				CLANG_WARN_SUSPICIOUS_MOVE = YES;
				CLANG_WARN_UNREACHABLE_CODE = YES;
				CLANG_WARN__DUPLICATE_METHOD_MATCH = YES;
				CODE_SIGN_IDENTITY = "-";
				COPY_PHASE_STRIP = NO;
				DEBUG_INFORMATION_FORMAT = dwarf;
				ENABLE_STRICT_OBJC_MSGSEND = YES;
				ENABLE_TESTABILITY = YES;
				GCC_C_LANGUAGE_STANDARD = gnu99;
				GCC_DYNAMIC_NO_PIC = NO;
				GCC_NO_COMMON_BLOCKS = YES;
				GCC_OPTIMIZATION_LEVEL = 0;
				GCC_PREPROCESSOR_DEFINITIONS = (
					"DEBUG=1",
					"$(inherited)",
				);
				GCC_WARN_64_TO_32_BIT_CONVERSION = YES;
				GCC_WARN_ABOUT_RETURN_TYPE = YES_ERROR;
				GCC_WARN_UNDECLARED_SELECTOR = YES;
				GCC_WARN_UNINITIALIZED_AUTOS = YES_AGGRESSIVE;
				GCC_WARN_UNUSED_FUNCTION = YES;
				GCC_WARN_UNUSED_VARIABLE = YES;
				MACOSX_DEPLOYMENT_TARGET = 10.12;
				MTL_ENABLE_DEBUG_INFO = YES;
				ONLY_ACTIVE_ARCH = YES;
				SDKROOT = macosx;
				SWIFT_ACTIVE_COMPILATION_CONDITIONS = DEBUG;
				SWIFT_OPTIMIZATION_LEVEL = "-Onone";
			};
			name = Debug;
		};
		F2C2E3731E8EB6180020332E /* Release */ = {
			isa = XCBuildConfiguration;
			buildSettings = {
				ALWAYS_SEARCH_USER_PATHS = NO;
				CLANG_ANALYZER_NONNULL = YES;
				CLANG_ANALYZER_NUMBER_OBJECT_CONVERSION = YES_AGGRESSIVE;
				CLANG_CXX_LANGUAGE_STANDARD = "gnu++0x";
				CLANG_CXX_LIBRARY = "libc++";
				CLANG_ENABLE_MODULES = YES;
				CLANG_ENABLE_OBJC_ARC = YES;
				CLANG_WARN_BOOL_CONVERSION = YES;
				CLANG_WARN_CONSTANT_CONVERSION = YES;
				CLANG_WARN_DIRECT_OBJC_ISA_USAGE = YES_ERROR;
				CLANG_WARN_DOCUMENTATION_COMMENTS = YES;
				CLANG_WARN_EMPTY_BODY = YES;
				CLANG_WARN_ENUM_CONVERSION = YES;
				CLANG_WARN_INFINITE_RECURSION = YES;
				CLANG_WARN_INT_CONVERSION = YES;
				CLANG_WARN_OBJC_ROOT_CLASS = YES_ERROR;
				CLANG_WARN_SUSPICIOUS_MOVE = YES;
				CLANG_WARN_UNREACHABLE_CODE = YES;
				CLANG_WARN__DUPLICATE_METHOD_MATCH = YES;
				CODE_SIGN_IDENTITY = "-";
				COPY_PHASE_STRIP = NO;
				DEBUG_INFORMATION_FORMAT = "dwarf-with-dsym";
				ENABLE_NS_ASSERTIONS = NO;
				ENABLE_STRICT_OBJC_MSGSEND = YES;
				GCC_C_LANGUAGE_STANDARD = gnu99;
				GCC_NO_COMMON_BLOCKS = YES;
				GCC_WARN_64_TO_32_BIT_CONVERSION = YES;
				GCC_WARN_ABOUT_RETURN_TYPE = YES_ERROR;
				GCC_WARN_UNDECLARED_SELECTOR = YES;
				GCC_WARN_UNINITIALIZED_AUTOS = YES_AGGRESSIVE;
				GCC_WARN_UNUSED_FUNCTION = YES;
				GCC_WARN_UNUSED_VARIABLE = YES;
				MACOSX_DEPLOYMENT_TARGET = 10.12;
				MTL_ENABLE_DEBUG_INFO = NO;
				SDKROOT = macosx;
				SWIFT_OPTIMIZATION_LEVEL = "-Owholemodule";
			};
			name = Release;
		};
		F2C2E3751E8EB6180020332E /* Debug */ = {
			isa = XCBuildConfiguration;
			buildSettings = {
				ASSETCATALOG_COMPILER_APPICON_NAME = AppIcon;
				COMBINE_HIDPI_IMAGES = YES;
				DEVELOPMENT_TEAM = X34UB4R785;
				INFOPLIST_FILE = MBIconsKit/Info.plist;
				LD_RUNPATH_SEARCH_PATHS = "$(inherited) @executable_path/../Frameworks";
				PRODUCT_BUNDLE_IDENTIFIER = com.viorel.MBIconsKit;
				PRODUCT_NAME = "$(TARGET_NAME)";
				SWIFT_VERSION = 3.0;
			};
			name = Debug;
		};
		F2C2E3761E8EB6180020332E /* Release */ = {
			isa = XCBuildConfiguration;
			buildSettings = {
				ASSETCATALOG_COMPILER_APPICON_NAME = AppIcon;
				COMBINE_HIDPI_IMAGES = YES;
				DEVELOPMENT_TEAM = X34UB4R785;
				INFOPLIST_FILE = MBIconsKit/Info.plist;
				LD_RUNPATH_SEARCH_PATHS = "$(inherited) @executable_path/../Frameworks";
				PRODUCT_BUNDLE_IDENTIFIER = com.viorel.MBIconsKit;
				PRODUCT_NAME = "$(TARGET_NAME)";
				SWIFT_VERSION = 3.0;
			};
			name = Release;
		};
/* End XCBuildConfiguration section */

/* Begin XCConfigurationList section */
		F2C2E3601E8EB6180020332E /* Build configuration list for PBXProject "MBIconsKit" */ = {
			isa = XCConfigurationList;
			buildConfigurations = (
				F2C2E3721E8EB6180020332E /* Debug */,
				F2C2E3731E8EB6180020332E /* Release */,
			);
			defaultConfigurationIsVisible = 0;
			defaultConfigurationName = Release;
		};
		F2C2E3741E8EB6180020332E /* Build configuration list for PBXNativeTarget "MBIconsKit" */ = {
			isa = XCConfigurationList;
			buildConfigurations = (
				F2C2E3751E8EB6180020332E /* Debug */,
				F2C2E3761E8EB6180020332E /* Release */,
			);
			defaultConfigurationIsVisible = 0;
			defaultConfigurationName = Release;
		};
/* End XCConfigurationList section */
	};
	rootObject = F2C2E35D1E8EB6180020332E /* Project object */;
}
